
Microsoft Visual Studio Solution File, Format Version 12.00
# Visual Studio Version 17
VisualStudioVersion = 17.10.35004.147
MinimumVisualStudioVersion = 10.0.40219.1
Project("{9A19103F-16F7-4668-BE54-9A1E7A4F7556}") = "BulkyWeb", "BulkyWeb\BulkyWeb.csproj", "{00FEF81E-2049-4042-B401-2F02D861B56D}"
EndProject
Project("{FAE04EC0-301F-11D3-BF4B-00C04F79EFBC}") = "Bulky.DataAccess", "Bulky.DataAccess\Bulky.DataAccess.csproj", "{70569563-7527-470C-8946-C325764700B5}"
EndProject
Project("{FAE04EC0-301F-11D3-BF4B-00C04F79EFBC}") = "Bulky.Utility", "Bulky.Utility\Bulky.Utility.csproj", "{6E2575A0-A8C0-4DF2-B8C1-C7FC83B4DBBC}"
EndProject
Project("{FAE04EC0-301F-11D3-BF4B-00C04F79EFBC}") = "Bulky.Models", "Bulky.Models\Bulky.Models.csproj", "{21A98DDC-2E1E-4EEE-9FD4-9BA80218712B}"
EndProject
Global
	GlobalSection(SolutionConfigurationPlatforms) = preSolution
		Debug|Any CPU = Debug|Any CPU
		Release|Any CPU = Release|Any CPU
	EndGlobalSection
	GlobalSection(ProjectConfigurationPlatforms) = postSolution
		{00FEF81E-2049-4042-B401-2F02D861B56D}.Debug|Any CPU.ActiveCfg = Debug|Any CPU
		{00FEF81E-2049-4042-B401-2F02D861B56D}.Debug|Any CPU.Build.0 = Debug|Any CPU
		{00FEF81E-2049-4042-B401-2F02D861B56D}.Release|Any CPU.ActiveCfg = Release|Any CPU
		{00FEF81E-2049-4042-B401-2F02D861B56D}.Release|Any CPU.Build.0 = Release|Any CPU
		{70569563-7527-470C-8946-C325764700B5}.Debug|Any CPU.ActiveCfg = Debug|Any CPU
		{70569563-7527-470C-8946-C325764700B5}.Debug|Any CPU.Build.0 = Debug|Any CPU
		{70569563-7527-470C-8946-C325764700B5}.Release|Any CPU.ActiveCfg = Release|Any CPU
		{70569563-7527-470C-8946-C325764700B5}.Release|Any CPU.Build.0 = Release|Any CPU
		{6E2575A0-A8C0-4DF2-B8C1-C7FC83B4DBBC}.Debug|Any CPU.ActiveCfg = Debug|Any CPU
		{6E2575A0-A8C0-4DF2-B8C1-C7FC83B4DBBC}.Debug|Any CPU.Build.0 = Debug|Any CPU
		{6E2575A0-A8C0-4DF2-B8C1-C7FC83B4DBBC}.Release|Any CPU.ActiveCfg = Release|Any CPU
		{6E2575A0-A8C0-4DF2-B8C1-C7FC83B4DBBC}.Release|Any CPU.Build.0 = Release|Any CPU
		{21A98DDC-2E1E-4EEE-9FD4-9BA80218712B}.Debug|Any CPU.ActiveCfg = Debug|Any CPU
		{21A98DDC-2E1E-4EEE-9FD4-9BA80218712B}.Debug|Any CPU.Build.0 = Debug|Any CPU
		{21A98DDC-2E1E-4EEE-9FD4-9BA80218712B}.Release|Any CPU.ActiveCfg = Release|Any CPU
		{21A98DDC-2E1E-4EEE-9FD4-9BA80218712B}.Release|Any CPU.Build.0 = Release|Any CPU
	EndGlobalSection
	GlobalSection(SolutionProperties) = preSolution
		HideSolutionNode = FALSE
	EndGlobalSection
	GlobalSection(ExtensibilityGlobals) = postSolution
		SolutionGuid = {8A3B2E94-B7F1-4662-B086-C8586D75FDC6}
	EndGlobalSection
EndGlobal
